<?xml version="1.0" encoding="UTF-8" standalone="yes" ?>
<CodeBlocks_project_file>
	<FileVersion major="1" minor="6" />
	<Project>
		<Option title="tws_c_api_test" />
		<Option pch_mode="2" />
		<Option compiler="gcc" />
		<Build>
			<Target title="Debug">
				<Option output="bin\Debug\tws_c_api_test" prefix_auto="1" extension_auto="1" />
				<Option object_output="obj\Debug\" />
				<Option type="1" />
				<Option compiler="gcc" />
				<Compiler>
					<Add option="-g" />
				</Compiler>
			</Target>
			<Target title="Release">
				<Option output="bin\Release\tws_c_api_test" prefix_auto="1" extension_auto="1" />
				<Option object_output="obj\Release\" />
				<Option type="1" />
				<Option compiler="gcc" />
				<Compiler>
					<Add option="-O2" />
				</Compiler>
				<Linker>
					<Add option="-s" />
				</Linker>
			</Target>
		</Build>
		<Compiler>
			<Add option="-Wall" />
			<Add option="-fexceptions" />
			<Add option="-DHAVE_STDINT" />
			<Add directory="mongoose" />
			<Add directory="mongoose\win32" />
		</Compiler>
		<ResourceCompiler>
			<Add directory="mongoose\win32" />
		</ResourceCompiler>
		<Linker>
			<Add library="ws2_32" />
			<Add library="advapi32" />
			<Add library="user32" />
			<Add library="shell32" />
		</Linker>
		<Unit filename="tws_c_api\callbacks.c">
			<Option compilerVar="CC" />
		</Unit>
		<Unit filename="tws_c_api\example.c">
			<Option compilerVar="CC" />
		</Unit>
		<Unit filename="tws_c_api\twsapi.c">
			<Option compilerVar="CC" />
		</Unit>
		<Unit filename="tws_c_api\twsapi.h" />
		<Extensions>
			<code_completion />
			<envvars />
			<debugger />
			<lib_finder disable_auto="1" />
		</Extensions>
	</Project>
</CodeBlocks_project_file>
