<?xml version="1.0" encoding="utf-8"?>
<Project ToolsVersion="4.0" xmlns="http://schemas.microsoft.com/developer/msbuild/2003">
  <ItemGroup>
    <Filter Include="Source Files">
      <UniqueIdentifier>{c1f6a2e3-5da5-4955-8653-310d3efe05a9}</UniqueIdentifier>
      <Extensions>cpp;c;cxx;def;odl;idl;hpj;bat;asm</Extensions>
    </Filter>
    <Filter Include="Header Files">
      <UniqueIdentifier>{c2aaffdc-2c95-4d6f-8466-4bec5890af2c}</UniqueIdentifier>
      <Extensions>h;hpp;hxx;hm;inl;inc</Extensions>
    </Filter>
    <Filter Include="Resource Files">
      <UniqueIdentifier>{c274fe07-05f2-461c-964b-f6341e4e7eb5}</UniqueIdentifier>
      <Extensions>rc;ico;cur;bmp;dlg;rc2;rct;bin;rgs;gif;jpg;jpeg;jpe</Extensions>
    </Filter>
    <Filter Include="Source Files\ASM">
      <UniqueIdentifier>{76ba143c-7bff-473b-9f97-b445a602341c}</UniqueIdentifier>
    </Filter>
  </ItemGroup>
  <ItemGroup>
    <ClCompile Include="..\..\..\adler32.c">
      <Filter>Source Files</Filter>
    </ClCompile>
    <ClCompile Include="..\..\..\compress.c">
      <Filter>Source Files</Filter>
    </ClCompile>
    <ClCompile Include="..\..\..\crc32.c">
      <Filter>Source Files</Filter>
    </ClCompile>
    <ClCompile Include="..\..\..\deflate.c">
      <Filter>Source Files</Filter>
    </ClCompile>
    <ClCompile Include="..\..\..\infback.c">
      <Filter>Source Files</Filter>
    </ClCompile>
    <ClCompile Include="..\..\masmx64\inffas8664.c">
      <Filter>Source Files</Filter>
    </ClCompile>
    <ClCompile Include="..\..\..\inffast.c">
      <Filter>Source Files</Filter>
    </ClCompile>
    <ClCompile Include="..\..\..\inflate.c">
      <Filter>Source Files</Filter>
    </ClCompile>
    <ClCompile Include="..\..\..\inftrees.c">
      <Filter>Source Files</Filter>
    </ClCompile>
    <ClCompile Include="..\..\testzlib\testzlib.c">
      <Filter>Source Files</Filter>
    </ClCompile>
    <ClCompile Include="..\..\..\trees.c">
      <Filter>Source Files</Filter>
    </ClCompile>
    <ClCompile Include="..\..\..\uncompr.c">
      <Filter>Source Files</Filter>
    </ClCompile>
    <ClCompile Include="..\..\..\zutil.c">
      <Filter>Source Files</Filter>
    </ClCompile>
  </ItemGroup>
  <ItemGroup>
    <CustomBuild Include="..\..\masmx64\gvmat64.asm">
      <Filter>Source Files\ASM</Filter>
    </CustomBuild>
    <CustomBuild Include="..\..\masmx86\inffas32.asm">
      <Filter>Source Files\ASM</Filter>
    </CustomBuild>
    <CustomBuild Include="..\..\masmx64\inffasx64.asm">
      <Filter>Source Files\ASM</Filter>
    </CustomBuild>
    <CustomBuild Include="..\..\masmx86\match686.asm">
      <Filter>Source Files\ASM</Filter>
    </CustomBuild>
  </ItemGroup>
  <ItemGroup>
    <None Include="..\..\masmx86\bld_ml32.bat">
      <Filter>Source Files\ASM</Filter>
    </None>
    <None Include="..\..\masmx64\bld_ml64.bat">
      <Filter>Source Files\ASM</Filter>
    </None>
    <None Include="..\..\masmx64\readme.txt">
      <Filter>Source Files\ASM</Filter>
    </None>
    <None Include="..\..\masmx86\readme.txt">
      <Filter>Source Files\ASM</Filter>
    </None>
    <None Include="zlibvc.def">
      <Filter>Resource Files</Filter>
    </None>
  </ItemGroup>
</Project>